
Microsoft Visual Studio Solution File, Format Version 12.00
# Visual Studio Version 16
VisualStudioVersion = 16.0.31005.135
MinimumVisualStudioVersion = 10.0.40219.1
Project("{FAE04EC0-301F-11D3-BF4B-00C04F79EFBC}") = "ProblemStatements", "ProblemStatements\ProblemStatements.csproj", "{AFA6326B-AC9A-4010-A380-95A44AC4ECC6}"
EndProject
Project("{FAE04EC0-301F-11D3-BF4B-00C04F79EFBC}") = "UnitTestProject1", "UnitTestProject1\UnitTestProject1.csproj", "{2C3FF16F-58D2-4406-AE93-21BFE75B66ED}"
EndProject
Project("{FAE04EC0-301F-11D3-BF4B-00C04F79EFBC}") = "ProblemSolutions", "ProblemSolutions\ProblemSolutions.csproj", "{4F89BAF0-3AA7-4F98-BD07-6CD446DD71F5}"
EndProject
Global
	GlobalSection(SolutionConfigurationPlatforms) = preSolution
		Debug|Any CPU = Debug|Any CPU
		Release|Any CPU = Release|Any CPU
	EndGlobalSection
	GlobalSection(ProjectConfigurationPlatforms) = postSolution
		{AFA6326B-AC9A-4010-A380-95A44AC4ECC6}.Debug|Any CPU.ActiveCfg = Debug|Any CPU
		{AFA6326B-AC9A-4010-A380-95A44AC4ECC6}.Release|Any CPU.ActiveCfg = Release|Any CPU
		{AFA6326B-AC9A-4010-A380-95A44AC4ECC6}.Release|Any CPU.Build.0 = Release|Any CPU
		{2C3FF16F-58D2-4406-AE93-21BFE75B66ED}.Debug|Any CPU.ActiveCfg = Debug|Any CPU
		{2C3FF16F-58D2-4406-AE93-21BFE75B66ED}.Debug|Any CPU.Build.0 = Debug|Any CPU
		{2C3FF16F-58D2-4406-AE93-21BFE75B66ED}.Release|Any CPU.ActiveCfg = Release|Any CPU
		{2C3FF16F-58D2-4406-AE93-21BFE75B66ED}.Release|Any CPU.Build.0 = Release|Any CPU
		{4F89BAF0-3AA7-4F98-BD07-6CD446DD71F5}.Debug|Any CPU.ActiveCfg = Debug|Any CPU
		{4F89BAF0-3AA7-4F98-BD07-6CD446DD71F5}.Debug|Any CPU.Build.0 = Debug|Any CPU
		{4F89BAF0-3AA7-4F98-BD07-6CD446DD71F5}.Release|Any CPU.ActiveCfg = Release|Any CPU
		{4F89BAF0-3AA7-4F98-BD07-6CD446DD71F5}.Release|Any CPU.Build.0 = Release|Any CPU
	EndGlobalSection
	GlobalSection(SolutionProperties) = preSolution
		HideSolutionNode = FALSE
	EndGlobalSection
	GlobalSection(ExtensibilityGlobals) = postSolution
		SolutionGuid = {59767CA8-C632-4F7E-9E51-B8D33A0F7DC9}
	EndGlobalSection
EndGlobal
