
Microsoft Visual Studio Solution File, Format Version 12.00
# Visual Studio Version 16
VisualStudioVersion = 16.0.31005.135
MinimumVisualStudioVersion = 10.0.40219.1
Project("{FAE04EC0-301F-11D3-BF4B-00C04F79EFBC}") = "NonEmptyListDefinition", "NonEmptyListDefinition\NonEmptyListDefinition.csproj", "{9EB3EC13-E283-4499-AF17-209815FBD2BB}"
EndProject
Project("{FAE04EC0-301F-11D3-BF4B-00C04F79EFBC}") = "XUnitTestProject1", "XUnitTestProject1\XUnitTestProject1.csproj", "{BF283101-4989-4DD7-A5D1-7D9CB4124626}"
EndProject
Global
	GlobalSection(SolutionConfigurationPlatforms) = preSolution
		Debug|Any CPU = Debug|Any CPU
		Release|Any CPU = Release|Any CPU
	EndGlobalSection
	GlobalSection(ProjectConfigurationPlatforms) = postSolution
		{9EB3EC13-E283-4499-AF17-209815FBD2BB}.Debug|Any CPU.ActiveCfg = Debug|Any CPU
		{9EB3EC13-E283-4499-AF17-209815FBD2BB}.Debug|Any CPU.Build.0 = Debug|Any CPU
		{9EB3EC13-E283-4499-AF17-209815FBD2BB}.Release|Any CPU.ActiveCfg = Release|Any CPU
		{9EB3EC13-E283-4499-AF17-209815FBD2BB}.Release|Any CPU.Build.0 = Release|Any CPU
		{BF283101-4989-4DD7-A5D1-7D9CB4124626}.Debug|Any CPU.ActiveCfg = Debug|Any CPU
		{BF283101-4989-4DD7-A5D1-7D9CB4124626}.Debug|Any CPU.Build.0 = Debug|Any CPU
		{BF283101-4989-4DD7-A5D1-7D9CB4124626}.Release|Any CPU.ActiveCfg = Release|Any CPU
		{BF283101-4989-4DD7-A5D1-7D9CB4124626}.Release|Any CPU.Build.0 = Release|Any CPU
	EndGlobalSection
	GlobalSection(SolutionProperties) = preSolution
		HideSolutionNode = FALSE
	EndGlobalSection
	GlobalSection(ExtensibilityGlobals) = postSolution
		SolutionGuid = {8948E6B1-2351-4221-840A-7D0C7EBE86D3}
	EndGlobalSection
EndGlobal
